PODS:
  - CloudpaymentsNetworking (1.0.1)

DEPENDENCIES:
  - CloudpaymentsNetworking (from `../networking`)

EXTERNAL SOURCES:
  CloudpaymentsNetworking:
    :path: "../networking"

SPEC CHECKSUMS:
  CloudpaymentsNetworking: b03a482d4200209a46f27da663d235228bab5071

PODFILE CHECKSUM: 8856a7b620897bcd1119a5379ca45c5243de088e

COCOAPODS: 1.11.3
